# This file is automatically @generated by Cargo.
# It is not intended for manual editing.
version = 4

[[package]]
name = "filestorage"
version = "0.1.0"
dependencies = [
 "filestorage-core",
]

[[package]]
name = "filestorage-core"
version = "0.1.0"

[[package]]
name = "filestorage-example-basic"
version = "0.1.0"
dependencies = [
 "filestorage-core",
]

[[package]]
name = "filestorage-smoke-tests"
version = "0.1.0"
dependencies = [
 "filestorage-core",
]
